// !$*UTF8*$!
{
	archiveVersion = 1;
	classes = {
	};
	objectVersion = 56;
	objects = {

/* Begin PBXBuildFile section */
		64C9F59D29D1C27B0066CC51 /* VoiceRecognizer.swift in Sources */ = {isa = PBXBuildFile; fileRef = 64C9F59C29D1C27B0066CC51 /* VoiceRecognizer.swift */; };
		64C9F5A729D3491E0066CC51 /* Bedroom.swift in Sources */ = {isa = PBXBuildFile; fileRef = 64C9F5A629D3491E0066CC51 /* Bedroom.swift */; };
		64C9F5AD29D3D4530066CC51 /* BedroomFunctions.swift in Sources */ = {isa = PBXBuildFile; fileRef = 64C9F5AC29D3D4530066CC51 /* BedroomFunctions.swift */; };
		64C9F5B129D3D6750066CC51 /* voiceCommands.swift in Sources */ = {isa = PBXBuildFile; fileRef = 64C9F5B029D3D6750066CC51 /* voiceCommands.swift */; };
		64C9F5B729D776690066CC51 /* jump.wav in Resources */ = {isa = PBXBuildFile; fileRef = 64C9F5B329D776690066CC51 /* jump.wav */; };
		64C9F5B929D776690066CC51 /* steps.wav in Resources */ = {isa = PBXBuildFile; fileRef = 64C9F5B529D776690066CC51 /* steps.wav */; };
		64C9F5BC29D9CCD00066CC51 /* backgroundMusic.wav in Resources */ = {isa = PBXBuildFile; fileRef = 64C9F5BB29D9CCD00066CC51 /* backgroundMusic.wav */; };
		64C9F5BE29DA184C0066CC51 /* SKActionsSounds.swift in Sources */ = {isa = PBXBuildFile; fileRef = 64C9F5BD29DA184C0066CC51 /* SKActionsSounds.swift */; };
		64C9F5C029DA18970066CC51 /* SKActionsAnimations.swift in Sources */ = {isa = PBXBuildFile; fileRef = 64C9F5BF29DA18970066CC51 /* SKActionsAnimations.swift */; };
		64C9F5C229DA18E90066CC51 /* SKActions1D.swift in Sources */ = {isa = PBXBuildFile; fileRef = 64C9F5C129DA18E90066CC51 /* SKActions1D.swift */; };
		64C9F5C429DA19430066CC51 /* SKActions2D.swift in Sources */ = {isa = PBXBuildFile; fileRef = 64C9F5C329DA19430066CC51 /* SKActions2D.swift */; };
		64C9F5C629DA1B480066CC51 /* SKActionsBedroom.swift in Sources */ = {isa = PBXBuildFile; fileRef = 64C9F5C529DA1B480066CC51 /* SKActionsBedroom.swift */; };
		64C9F5C829DA1BED0066CC51 /* SKActionsLivingRoom.swift in Sources */ = {isa = PBXBuildFile; fileRef = 64C9F5C729DA1BED0066CC51 /* SKActionsLivingRoom.swift */; };
		64C9F5CA29DA1C540066CC51 /* SKActionsKitchen.swift in Sources */ = {isa = PBXBuildFile; fileRef = 64C9F5C929DA1C540066CC51 /* SKActionsKitchen.swift */; };
		64C9F5CC29DA1C7E0066CC51 /* LivingRoomFunctions.swift in Sources */ = {isa = PBXBuildFile; fileRef = 64C9F5CB29DA1C7E0066CC51 /* LivingRoomFunctions.swift */; };
		64C9F5CE29DA1C8A0066CC51 /* KitchenFunctions.swift in Sources */ = {isa = PBXBuildFile; fileRef = 64C9F5CD29DA1C8A0066CC51 /* KitchenFunctions.swift */; };
		64F1485829E43F9100F43BBC /* landed.wav in Resources */ = {isa = PBXBuildFile; fileRef = 64F1485729E43F9100F43BBC /* landed.wav */; };
		64F1485B29E44EB900F43BBC /* FloorFunction.swift in Sources */ = {isa = PBXBuildFile; fileRef = 64F1485A29E44EB900F43BBC /* FloorFunction.swift */; };
		64F1485D29E4754200F43BBC /* SKActionsDonna.swift in Sources */ = {isa = PBXBuildFile; fileRef = 64F1485C29E4754200F43BBC /* SKActionsDonna.swift */; };
		6C19473529C88F930067C180 /* Miau_Little_HelperApp.swift in Sources */ = {isa = PBXBuildFile; fileRef = 6C19473429C88F930067C180 /* Miau_Little_HelperApp.swift */; };
		6C19473729C88F930067C180 /* ContentView.swift in Sources */ = {isa = PBXBuildFile; fileRef = 6C19473629C88F930067C180 /* ContentView.swift */; };
		6C19473929C88F940067C180 /* Assets.xcassets in Resources */ = {isa = PBXBuildFile; fileRef = 6C19473829C88F940067C180 /* Assets.xcassets */; };
		6C19473D29C88F940067C180 /* Preview Assets.xcassets in Resources */ = {isa = PBXBuildFile; fileRef = 6C19473C29C88F940067C180 /* Preview Assets.xcassets */; };
		6C19474929D322460067C180 /* Sprites.swift in Sources */ = {isa = PBXBuildFile; fileRef = 6C19474829D322460067C180 /* Sprites.swift */; };
		6C31A38F29E77DE800A4B46B /* Windows.swift in Sources */ = {isa = PBXBuildFile; fileRef = 6C31A38E29E77DE800A4B46B /* Windows.swift */; };
		D3384DE829D6089800C0CB8C /* Touches.swift in Sources */ = {isa = PBXBuildFile; fileRef = D3384DE729D6089800C0CB8C /* Touches.swift */; };
		D3384DEB29D6097900C0CB8C /* Camera.swift in Sources */ = {isa = PBXBuildFile; fileRef = D3384DEA29D6097900C0CB8C /* Camera.swift */; };
		D34492FA29C895DE00C80685 /* GameScene.swift in Sources */ = {isa = PBXBuildFile; fileRef = D34492F929C895DE00C80685 /* GameScene.swift */; };
		D34EB69E29DE102400914CC7 /* StartView.swift in Sources */ = {isa = PBXBuildFile; fileRef = D34EB69D29DE102400914CC7 /* StartView.swift */; };
		D34EB6A029DE105400914CC7 /* PauseView.swift in Sources */ = {isa = PBXBuildFile; fileRef = D34EB69F29DE105400914CC7 /* PauseView.swift */; };
		D34EB6A229DE106000914CC7 /* CreditsView.swift in Sources */ = {isa = PBXBuildFile; fileRef = D34EB6A129DE106000914CC7 /* CreditsView.swift */; };
		D34EB6A629DE128300914CC7 /* HelpView.swift in Sources */ = {isa = PBXBuildFile; fileRef = D34EB6A529DE128300914CC7 /* HelpView.swift */; };
		D356D3D029E1FEC600FDE473 /* UISliderView.swift in Sources */ = {isa = PBXBuildFile; fileRef = D356D3CF29E1FEC600FDE473 /* UISliderView.swift */; };
		D356D3D229E1FEEF00FDE473 /* NavigationHelper.swift in Sources */ = {isa = PBXBuildFile; fileRef = D356D3D129E1FEEF00FDE473 /* NavigationHelper.swift */; };
		D36AB6CB29E1E3EA005C0B88 /* SettingsView.swift in Sources */ = {isa = PBXBuildFile; fileRef = D36AB6CA29E1E3EA005C0B88 /* SettingsView.swift */; };
		D39853C029E45B5100C1E850 /* Script.swift in Sources */ = {isa = PBXBuildFile; fileRef = D39853BF29E45B5100C1E850 /* Script.swift */; };
		D3AF28E329D47A9D000780D3 /* Kitchen.swift in Sources */ = {isa = PBXBuildFile; fileRef = D3AF28E229D47A9D000780D3 /* Kitchen.swift */; };
		D3AF28E529D47AC2000780D3 /* LivingRoom.swift in Sources */ = {isa = PBXBuildFile; fileRef = D3AF28E429D47AC2000780D3 /* LivingRoom.swift */; };
		D3D6E82129E0CFEC00582054 /* Greybeard-22px-Bold.ttf in Resources */ = {isa = PBXBuildFile; fileRef = D3D6E82029E0CFEC00582054 /* Greybeard-22px-Bold.ttf */; };
		D3D6E82D29E1B5EE00582054 /* pixhobo.otf in Resources */ = {isa = PBXBuildFile; fileRef = D3D6E82C29E1B5EE00582054 /* pixhobo.otf */; };
		D3D6E82F29E1B9B600582054 /* Greybeard-22px-Bold(LICENSE).txt in Resources */ = {isa = PBXBuildFile; fileRef = D3D6E82E29E1B9B600582054 /* Greybeard-22px-Bold(LICENSE).txt */; };
		D3D6E83129E1B9D500582054 /* pixhobo(LICENSE).txt in Resources */ = {isa = PBXBuildFile; fileRef = D3D6E83029E1B9D500582054 /* pixhobo(LICENSE).txt */; };
/* End PBXBuildFile section */

/* Begin PBXFileReference section */
		64C9F59C29D1C27B0066CC51 /* VoiceRecognizer.swift */ = {isa = PBXFileReference; lastKnownFileType = sourcecode.swift; path = VoiceRecognizer.swift; sourceTree = "<group>"; };
		64C9F5A629D3491E0066CC51 /* Bedroom.swift */ = {isa = PBXFileReference; lastKnownFileType = sourcecode.swift; path = Bedroom.swift; sourceTree = "<group>"; };
		64C9F5AC29D3D4530066CC51 /* BedroomFunctions.swift */ = {isa = PBXFileReference; lastKnownFileType = sourcecode.swift; path = BedroomFunctions.swift; sourceTree = "<group>"; };
		64C9F5B029D3D6750066CC51 /* voiceCommands.swift */ = {isa = PBXFileReference; lastKnownFileType = sourcecode.swift; path = voiceCommands.swift; sourceTree = "<group>"; };
		64C9F5B329D776690066CC51 /* jump.wav */ = {isa = PBXFileReference; lastKnownFileType = audio.wav; path = jump.wav; sourceTree = "<group>"; };
		64C9F5B529D776690066CC51 /* steps.wav */ = {isa = PBXFileReference; lastKnownFileType = audio.wav; path = steps.wav; sourceTree = "<group>"; };
		64C9F5BB29D9CCD00066CC51 /* backgroundMusic.wav */ = {isa = PBXFileReference; lastKnownFileType = audio.wav; path = backgroundMusic.wav; sourceTree = "<group>"; };
		64C9F5BD29DA184C0066CC51 /* SKActionsSounds.swift */ = {isa = PBXFileReference; lastKnownFileType = sourcecode.swift; path = SKActionsSounds.swift; sourceTree = "<group>"; };
		64C9F5BF29DA18970066CC51 /* SKActionsAnimations.swift */ = {isa = PBXFileReference; lastKnownFileType = sourcecode.swift; path = SKActionsAnimations.swift; sourceTree = "<group>"; };
		64C9F5C129DA18E90066CC51 /* SKActions1D.swift */ = {isa = PBXFileReference; lastKnownFileType = sourcecode.swift; path = SKActions1D.swift; sourceTree = "<group>"; };
		64C9F5C329DA19430066CC51 /* SKActions2D.swift */ = {isa = PBXFileReference; lastKnownFileType = sourcecode.swift; path = SKActions2D.swift; sourceTree = "<group>"; };
		64C9F5C529DA1B480066CC51 /* SKActionsBedroom.swift */ = {isa = PBXFileReference; lastKnownFileType = sourcecode.swift; path = SKActionsBedroom.swift; sourceTree = "<group>"; };
		64C9F5C729DA1BED0066CC51 /* SKActionsLivingRoom.swift */ = {isa = PBXFileReference; lastKnownFileType = sourcecode.swift; path = SKActionsLivingRoom.swift; sourceTree = "<group>"; };
		64C9F5C929DA1C540066CC51 /* SKActionsKitchen.swift */ = {isa = PBXFileReference; lastKnownFileType = sourcecode.swift; path = SKActionsKitchen.swift; sourceTree = "<group>"; };
		64C9F5CB29DA1C7E0066CC51 /* LivingRoomFunctions.swift */ = {isa = PBXFileReference; lastKnownFileType = sourcecode.swift; path = LivingRoomFunctions.swift; sourceTree = "<group>"; };
		64C9F5CD29DA1C8A0066CC51 /* KitchenFunctions.swift */ = {isa = PBXFileReference; lastKnownFileType = sourcecode.swift; path = KitchenFunctions.swift; sourceTree = "<group>"; };
		64F1485729E43F9100F43BBC /* landed.wav */ = {isa = PBXFileReference; lastKnownFileType = audio.wav; path = landed.wav; sourceTree = "<group>"; };
		64F1485A29E44EB900F43BBC /* FloorFunction.swift */ = {isa = PBXFileReference; lastKnownFileType = sourcecode.swift; path = FloorFunction.swift; sourceTree = "<group>"; };
		64F1485C29E4754200F43BBC /* SKActionsDonna.swift */ = {isa = PBXFileReference; lastKnownFileType = sourcecode.swift; path = SKActionsDonna.swift; sourceTree = "<group>"; };
		64F148B129E7252F00F43BBC /* Info.plist */ = {isa = PBXFileReference; fileEncoding = 4; lastKnownFileType = text.plist.xml; path = Info.plist; sourceTree = "<group>"; };
		6C19473129C88F930067C180 /* Miau Little Helper.app */ = {isa = PBXFileReference; explicitFileType = wrapper.application; includeInIndex = 0; path = "Miau Little Helper.app"; sourceTree = BUILT_PRODUCTS_DIR; };
		6C19473429C88F930067C180 /* Miau_Little_HelperApp.swift */ = {isa = PBXFileReference; lastKnownFileType = sourcecode.swift; path = Miau_Little_HelperApp.swift; sourceTree = "<group>"; };
		6C19473629C88F930067C180 /* ContentView.swift */ = {isa = PBXFileReference; lastKnownFileType = sourcecode.swift; path = ContentView.swift; sourceTree = "<group>"; };
		6C19473829C88F940067C180 /* Assets.xcassets */ = {isa = PBXFileReference; lastKnownFileType = folder.assetcatalog; path = Assets.xcassets; sourceTree = "<group>"; };
		6C19473A29C88F940067C180 /* Miau_Little_Helper.entitlements */ = {isa = PBXFileReference; lastKnownFileType = text.plist.entitlements; path = Miau_Little_Helper.entitlements; sourceTree = "<group>"; };
		6C19473C29C88F940067C180 /* Preview Assets.xcassets */ = {isa = PBXFileReference; lastKnownFileType = folder.assetcatalog; path = "Preview Assets.xcassets"; sourceTree = "<group>"; };
		6C19474829D322460067C180 /* Sprites.swift */ = {isa = PBXFileReference; lastKnownFileType = sourcecode.swift; path = Sprites.swift; sourceTree = "<group>"; };
		6C31A38E29E77DE800A4B46B /* Windows.swift */ = {isa = PBXFileReference; lastKnownFileType = sourcecode.swift; path = Windows.swift; sourceTree = "<group>"; };
		D3384DE729D6089800C0CB8C /* Touches.swift */ = {isa = PBXFileReference; lastKnownFileType = sourcecode.swift; path = Touches.swift; sourceTree = "<group>"; };
		D3384DEA29D6097900C0CB8C /* Camera.swift */ = {isa = PBXFileReference; lastKnownFileType = sourcecode.swift; path = Camera.swift; sourceTree = "<group>"; };
		D34492F929C895DE00C80685 /* GameScene.swift */ = {isa = PBXFileReference; lastKnownFileType = sourcecode.swift; path = GameScene.swift; sourceTree = "<group>"; };
		D34EB69D29DE102400914CC7 /* StartView.swift */ = {isa = PBXFileReference; lastKnownFileType = sourcecode.swift; path = StartView.swift; sourceTree = "<group>"; };
		D34EB69F29DE105400914CC7 /* PauseView.swift */ = {isa = PBXFileReference; lastKnownFileType = sourcecode.swift; path = PauseView.swift; sourceTree = "<group>"; };
		D34EB6A129DE106000914CC7 /* CreditsView.swift */ = {isa = PBXFileReference; lastKnownFileType = sourcecode.swift; path = CreditsView.swift; sourceTree = "<group>"; };
		D34EB6A529DE128300914CC7 /* HelpView.swift */ = {isa = PBXFileReference; lastKnownFileType = sourcecode.swift; path = HelpView.swift; sourceTree = "<group>"; };
		D356D3CF29E1FEC600FDE473 /* UISliderView.swift */ = {isa = PBXFileReference; lastKnownFileType = sourcecode.swift; path = UISliderView.swift; sourceTree = "<group>"; };
		D356D3D129E1FEEF00FDE473 /* NavigationHelper.swift */ = {isa = PBXFileReference; lastKnownFileType = sourcecode.swift; path = NavigationHelper.swift; sourceTree = "<group>"; };
		D36AB6CA29E1E3EA005C0B88 /* SettingsView.swift */ = {isa = PBXFileReference; lastKnownFileType = sourcecode.swift; path = SettingsView.swift; sourceTree = "<group>"; };
		D39853BF29E45B5100C1E850 /* Script.swift */ = {isa = PBXFileReference; lastKnownFileType = sourcecode.swift; path = Script.swift; sourceTree = "<group>"; };
		D3AF28E229D47A9D000780D3 /* Kitchen.swift */ = {isa = PBXFileReference; lastKnownFileType = sourcecode.swift; path = Kitchen.swift; sourceTree = "<group>"; };
		D3AF28E429D47AC2000780D3 /* LivingRoom.swift */ = {isa = PBXFileReference; lastKnownFileType = sourcecode.swift; path = LivingRoom.swift; sourceTree = "<group>"; };
		D3D6E82029E0CFEC00582054 /* Greybeard-22px-Bold.ttf */ = {isa = PBXFileReference; lastKnownFileType = file; path = "Greybeard-22px-Bold.ttf"; sourceTree = "<group>"; };
		D3D6E82C29E1B5EE00582054 /* pixhobo.otf */ = {isa = PBXFileReference; lastKnownFileType = file; path = pixhobo.otf; sourceTree = "<group>"; };
		D3D6E82E29E1B9B600582054 /* Greybeard-22px-Bold(LICENSE).txt */ = {isa = PBXFileReference; fileEncoding = 4; lastKnownFileType = text; path = "Greybeard-22px-Bold(LICENSE).txt"; sourceTree = "<group>"; };
		D3D6E83029E1B9D500582054 /* pixhobo(LICENSE).txt */ = {isa = PBXFileReference; fileEncoding = 4; lastKnownFileType = text; path = "pixhobo(LICENSE).txt"; sourceTree = "<group>"; };
/* End PBXFileReference section */

/* Begin PBXFrameworksBuildPhase section */
		6C19472E29C88F930067C180 /* Frameworks */ = {
			isa = PBXFrameworksBuildPhase;
			buildActionMask = 2147483647;
			files = (
			);
			runOnlyForDeploymentPostprocessing = 0;
		};
/* End PBXFrameworksBuildPhase section */

/* Begin PBXGroup section */
		64C9F5BA29D776710066CC51 /* Sounds */ = {
			isa = PBXGroup;
			children = (
				64F1485729E43F9100F43BBC /* landed.wav */,
				64C9F5B529D776690066CC51 /* steps.wav */,
				64C9F5B329D776690066CC51 /* jump.wav */,
				64C9F5BB29D9CCD00066CC51 /* backgroundMusic.wav */,
			);
			path = Sounds;
			sourceTree = "<group>";
		};
		6C19472829C88F930067C180 = {
			isa = PBXGroup;
			children = (
				6C19473329C88F930067C180 /* Miau Little Helper */,
				6C19473229C88F930067C180 /* Products */,
			);
			sourceTree = "<group>";
		};
		6C19473229C88F930067C180 /* Products */ = {
			isa = PBXGroup;
			children = (
				6C19473129C88F930067C180 /* Miau Little Helper.app */,
			);
			name = Products;
			sourceTree = "<group>";
		};
		6C19473329C88F930067C180 /* Miau Little Helper */ = {
			isa = PBXGroup;
			children = (
				64F148B129E7252F00F43BBC /* Info.plist */,
				6C19473A29C88F940067C180 /* Miau_Little_Helper.entitlements */,
				6C19473429C88F930067C180 /* Miau_Little_HelperApp.swift */,
				6C19473629C88F930067C180 /* ContentView.swift */,
				D34EB69D29DE102400914CC7 /* StartView.swift */,
				D34EB6A529DE128300914CC7 /* HelpView.swift */,
				D34EB69F29DE105400914CC7 /* PauseView.swift */,
				D34EB6A129DE106000914CC7 /* CreditsView.swift */,
				D36AB6CA29E1E3EA005C0B88 /* SettingsView.swift */,
				D34492F929C895DE00C80685 /* GameScene.swift */,
				D3384DE729D6089800C0CB8C /* Touches.swift */,
				6C31A38E29E77DE800A4B46B /* Windows.swift */,
				D39853BF29E45B5100C1E850 /* Script.swift */,
				D3384DEA29D6097900C0CB8C /* Camera.swift */,
				6C19474829D322460067C180 /* Sprites.swift */,
				D3384DE929D6091D00C0CB8C /* Moves */,
				D3384DE429D6078500C0CB8C /* Rooms */,
				D3384DE629D6087F00C0CB8C /* Voice */,
				64C9F5BA29D776710066CC51 /* Sounds */,
				D3384DE529D6081E00C0CB8C /* Resources */,
				6C19473B29C88F940067C180 /* Preview Content */,
			);
			path = "Miau Little Helper";
			sourceTree = "<group>";
		};
		6C19473B29C88F940067C180 /* Preview Content */ = {
			isa = PBXGroup;
			children = (
				6C19473C29C88F940067C180 /* Preview Assets.xcassets */,
			);
			path = "Preview Content";
			sourceTree = "<group>";
		};
		D3384DE429D6078500C0CB8C /* Rooms */ = {
			isa = PBXGroup;
			children = (
				64C9F5A629D3491E0066CC51 /* Bedroom.swift */,
				D3AF28E429D47AC2000780D3 /* LivingRoom.swift */,
				D3AF28E229D47A9D000780D3 /* Kitchen.swift */,
			);
			path = Rooms;
			sourceTree = "<group>";
		};
		D3384DE529D6081E00C0CB8C /* Resources */ = {
			isa = PBXGroup;
			children = (
				D356D3D329E1FF0900FDE473 /* SuportFiles */,
				D3D6E83229E1B9EC00582054 /* Fonts */,
				6C19473829C88F940067C180 /* Assets.xcassets */,
			);
			path = Resources;
			sourceTree = "<group>";
		};
		D3384DE629D6087F00C0CB8C /* Voice */ = {
			isa = PBXGroup;
			children = (
				64C9F5B029D3D6750066CC51 /* voiceCommands.swift */,
				64C9F59C29D1C27B0066CC51 /* VoiceRecognizer.swift */,
			);
			path = Voice;
			sourceTree = "<group>";
		};
		D3384DE929D6091D00C0CB8C /* Moves */ = {
			isa = PBXGroup;
			children = (
				64F1485C29E4754200F43BBC /* SKActionsDonna.swift */,
				64C9F5BD29DA184C0066CC51 /* SKActionsSounds.swift */,
				64C9F5BF29DA18970066CC51 /* SKActionsAnimations.swift */,
				64C9F5C129DA18E90066CC51 /* SKActions1D.swift */,
				64C9F5C329DA19430066CC51 /* SKActions2D.swift */,
				64C9F5C529DA1B480066CC51 /* SKActionsBedroom.swift */,
				64C9F5C729DA1BED0066CC51 /* SKActionsLivingRoom.swift */,
				64C9F5C929DA1C540066CC51 /* SKActionsKitchen.swift */,
				64F1485A29E44EB900F43BBC /* FloorFunction.swift */,
				64C9F5AC29D3D4530066CC51 /* BedroomFunctions.swift */,
				64C9F5CB29DA1C7E0066CC51 /* LivingRoomFunctions.swift */,
				64C9F5CD29DA1C8A0066CC51 /* KitchenFunctions.swift */,
			);
			path = Moves;
			sourceTree = "<group>";
		};
		D356D3D329E1FF0900FDE473 /* SuportFiles */ = {
			isa = PBXGroup;
			children = (
				D356D3D129E1FEEF00FDE473 /* NavigationHelper.swift */,
				D356D3CF29E1FEC600FDE473 /* UISliderView.swift */,
			);
			name = SuportFiles;
			sourceTree = "<group>";
		};
		D3D6E83229E1B9EC00582054 /* Fonts */ = {
			isa = PBXGroup;
			children = (
				D3D6E82C29E1B5EE00582054 /* pixhobo.otf */,
				D3D6E83029E1B9D500582054 /* pixhobo(LICENSE).txt */,
				D3D6E82029E0CFEC00582054 /* Greybeard-22px-Bold.ttf */,
				D3D6E82E29E1B9B600582054 /* Greybeard-22px-Bold(LICENSE).txt */,
			);
			name = Fonts;
			sourceTree = "<group>";
		};
/* End PBXGroup section */

/* Begin PBXNativeTarget section */
		6C19473029C88F930067C180 /* Miau Little Helper */ = {
			isa = PBXNativeTarget;
			buildConfigurationList = 6C19474029C88F940067C180 /* Build configuration list for PBXNativeTarget "Miau Little Helper" */;
			buildPhases = (
				6C19472D29C88F930067C180 /* Sources */,
				6C19472E29C88F930067C180 /* Frameworks */,
				6C19472F29C88F930067C180 /* Resources */,
			);
			buildRules = (
			);
			dependencies = (
			);
			name = "Miau Little Helper";
			productName = "Miau Little Helper";
			productReference = 6C19473129C88F930067C180 /* Miau Little Helper.app */;
			productType = "com.apple.product-type.application";
		};
/* End PBXNativeTarget section */

/* Begin PBXProject section */
		6C19472929C88F930067C180 /* Project object */ = {
			isa = PBXProject;
			attributes = {
				BuildIndependentTargetsInParallel = 1;
				LastSwiftUpdateCheck = 1420;
				LastUpgradeCheck = 1420;
				TargetAttributes = {
					6C19473029C88F930067C180 = {
						CreatedOnToolsVersion = 14.2;
					};
				};
			};
			buildConfigurationList = 6C19472C29C88F930067C180 /* Build configuration list for PBXProject "Miau Little Helper" */;
			compatibilityVersion = "Xcode 14.0";
			developmentRegion = en;
			hasScannedForEncodings = 0;
			knownRegions = (
				en,
				Base,
			);
			mainGroup = 6C19472829C88F930067C180;
			productRefGroup = 6C19473229C88F930067C180 /* Products */;
			projectDirPath = "";
			projectRoot = "";
			targets = (
				6C19473029C88F930067C180 /* Miau Little Helper */,
			);
		};
/* End PBXProject section */

/* Begin PBXResourcesBuildPhase section */
		6C19472F29C88F930067C180 /* Resources */ = {
			isa = PBXResourcesBuildPhase;
			buildActionMask = 2147483647;
			files = (
				64C9F5B729D776690066CC51 /* jump.wav in Resources */,
				6C19473D29C88F940067C180 /* Preview Assets.xcassets in Resources */,
				64C9F5BC29D9CCD00066CC51 /* backgroundMusic.wav in Resources */,
				D3D6E83129E1B9D500582054 /* pixhobo(LICENSE).txt in Resources */,
				D3D6E82D29E1B5EE00582054 /* pixhobo.otf in Resources */,
				D3D6E82F29E1B9B600582054 /* Greybeard-22px-Bold(LICENSE).txt in Resources */,
				D3D6E82129E0CFEC00582054 /* Greybeard-22px-Bold.ttf in Resources */,
				6C19473929C88F940067C180 /* Assets.xcassets in Resources */,
				64F1485829E43F9100F43BBC /* landed.wav in Resources */,
				64C9F5B929D776690066CC51 /* steps.wav in Resources */,
			);
			runOnlyForDeploymentPostprocessing = 0;
		};
/* End PBXResourcesBuildPhase section */

/* Begin PBXSourcesBuildPhase section */
		6C19472D29C88F930067C180 /* Sources */ = {
			isa = PBXSourcesBuildPhase;
			buildActionMask = 2147483647;
			files = (
				64C9F5B129D3D6750066CC51 /* voiceCommands.swift in Sources */,
				64F1485B29E44EB900F43BBC /* FloorFunction.swift in Sources */,
				64C9F5C429DA19430066CC51 /* SKActions2D.swift in Sources */,
				D34492FA29C895DE00C80685 /* GameScene.swift in Sources */,
				D34EB6A029DE105400914CC7 /* PauseView.swift in Sources */,
				64C9F5CC29DA1C7E0066CC51 /* LivingRoomFunctions.swift in Sources */,
				D356D3D029E1FEC600FDE473 /* UISliderView.swift in Sources */,
				D3384DE829D6089800C0CB8C /* Touches.swift in Sources */,
				64C9F5A729D3491E0066CC51 /* Bedroom.swift in Sources */,
				64C9F5CE29DA1C8A0066CC51 /* KitchenFunctions.swift in Sources */,
				D34492FA29C895DE00C80685 /* GameScene.swift in Sources */,
				D34EB69E29DE102400914CC7 /* StartView.swift in Sources */,
				64C9F5CA29DA1C540066CC51 /* SKActionsKitchen.swift in Sources */,
				64C9F5C029DA18970066CC51 /* SKActionsAnimations.swift in Sources */,
				6C19473729C88F930067C180 /* ContentView.swift in Sources */,
				D356D3D229E1FEEF00FDE473 /* NavigationHelper.swift in Sources */,
				6C19474929D322460067C180 /* Sprites.swift in Sources */,
				64C9F59D29D1C27B0066CC51 /* VoiceRecognizer.swift in Sources */,
				D3AF28E529D47AC2000780D3 /* LivingRoom.swift in Sources */,
				D36AB6CB29E1E3EA005C0B88 /* SettingsView.swift in Sources */,
				64C9F5BE29DA184C0066CC51 /* SKActionsSounds.swift in Sources */,
				64C9F5C229DA18E90066CC51 /* SKActions1D.swift in Sources */,
				6C31A38F29E77DE800A4B46B /* Windows.swift in Sources */,
				64C9F5C629DA1B480066CC51 /* SKActionsBedroom.swift in Sources */,
				D3384DEB29D6097900C0CB8C /* Camera.swift in Sources */,
				64C9F5AD29D3D4530066CC51 /* BedroomFunctions.swift in Sources */,
				D34EB6A629DE128300914CC7 /* HelpView.swift in Sources */,
				64C9F5C829DA1BED0066CC51 /* SKActionsLivingRoom.swift in Sources */,
				6C19473529C88F930067C180 /* Miau_Little_HelperApp.swift in Sources */,
				D34EB6A229DE106000914CC7 /* CreditsView.swift in Sources */,
				D39853C029E45B5100C1E850 /* Script.swift in Sources */,
				64F1485D29E4754200F43BBC /* SKActionsDonna.swift in Sources */,
				D3AF28E329D47A9D000780D3 /* Kitchen.swift in Sources */,
			);
			runOnlyForDeploymentPostprocessing = 0;
		};
/* End PBXSourcesBuildPhase section */

/* Begin XCBuildConfiguration section */
		6C19473E29C88F940067C180 /* Debug */ = {
			isa = XCBuildConfiguration;
			buildSettings = {
				ALWAYS_SEARCH_USER_PATHS = NO;
				CLANG_ANALYZER_NONNULL = YES;
				CLANG_ANALYZER_NUMBER_OBJECT_CONVERSION = YES_AGGRESSIVE;
				CLANG_CXX_LANGUAGE_STANDARD = "gnu++20";
				CLANG_ENABLE_MODULES = YES;
				CLANG_ENABLE_OBJC_ARC = YES;
				CLANG_ENABLE_OBJC_WEAK = YES;
				CLANG_WARN_BLOCK_CAPTURE_AUTORELEASING = YES;
				CLANG_WARN_BOOL_CONVERSION = YES;
				CLANG_WARN_COMMA = YES;
				CLANG_WARN_CONSTANT_CONVERSION = YES;
				CLANG_WARN_DEPRECATED_OBJC_IMPLEMENTATIONS = YES;
				CLANG_WARN_DIRECT_OBJC_ISA_USAGE = YES_ERROR;
				CLANG_WARN_DOCUMENTATION_COMMENTS = YES;
				CLANG_WARN_EMPTY_BODY = YES;
				CLANG_WARN_ENUM_CONVERSION = YES;
				CLANG_WARN_INFINITE_RECURSION = YES;
				CLANG_WARN_INT_CONVERSION = YES;
				CLANG_WARN_NON_LITERAL_NULL_CONVERSION = YES;
				CLANG_WARN_OBJC_IMPLICIT_RETAIN_SELF = YES;
				CLANG_WARN_OBJC_LITERAL_CONVERSION = YES;
				CLANG_WARN_OBJC_ROOT_CLASS = YES_ERROR;
				CLANG_WARN_QUOTED_INCLUDE_IN_FRAMEWORK_HEADER = YES;
				CLANG_WARN_RANGE_LOOP_ANALYSIS = YES;
				CLANG_WARN_STRICT_PROTOTYPES = YES;
				CLANG_WARN_SUSPICIOUS_MOVE = YES;
				CLANG_WARN_UNGUARDED_AVAILABILITY = YES_AGGRESSIVE;
				CLANG_WARN_UNREACHABLE_CODE = YES;
				CLANG_WARN__DUPLICATE_METHOD_MATCH = YES;
				COPY_PHASE_STRIP = NO;
				DEBUG_INFORMATION_FORMAT = dwarf;
				ENABLE_STRICT_OBJC_MSGSEND = YES;
				ENABLE_TESTABILITY = YES;
				GCC_C_LANGUAGE_STANDARD = gnu11;
				GCC_DYNAMIC_NO_PIC = NO;
				GCC_NO_COMMON_BLOCKS = YES;
				GCC_OPTIMIZATION_LEVEL = 0;
				GCC_PREPROCESSOR_DEFINITIONS = (
					"DEBUG=1",
					"$(inherited)",
				);
				GCC_WARN_64_TO_32_BIT_CONVERSION = YES;
				GCC_WARN_ABOUT_RETURN_TYPE = YES_ERROR;
				GCC_WARN_UNDECLARED_SELECTOR = YES;
				GCC_WARN_UNINITIALIZED_AUTOS = YES_AGGRESSIVE;
				GCC_WARN_UNUSED_FUNCTION = YES;
				GCC_WARN_UNUSED_VARIABLE = YES;
				MTL_ENABLE_DEBUG_INFO = INCLUDE_SOURCE;
				MTL_FAST_MATH = YES;
				ONLY_ACTIVE_ARCH = YES;
				SWIFT_ACTIVE_COMPILATION_CONDITIONS = DEBUG;
				SWIFT_OPTIMIZATION_LEVEL = "-Onone";
			};
			name = Debug;
		};
		6C19473F29C88F940067C180 /* Release */ = {
			isa = XCBuildConfiguration;
			buildSettings = {
				ALWAYS_SEARCH_USER_PATHS = NO;
				CLANG_ANALYZER_NONNULL = YES;
				CLANG_ANALYZER_NUMBER_OBJECT_CONVERSION = YES_AGGRESSIVE;
				CLANG_CXX_LANGUAGE_STANDARD = "gnu++20";
				CLANG_ENABLE_MODULES = YES;
				CLANG_ENABLE_OBJC_ARC = YES;
				CLANG_ENABLE_OBJC_WEAK = YES;
				CLANG_WARN_BLOCK_CAPTURE_AUTORELEASING = YES;
				CLANG_WARN_BOOL_CONVERSION = YES;
				CLANG_WARN_COMMA = YES;
				CLANG_WARN_CONSTANT_CONVERSION = YES;
				CLANG_WARN_DEPRECATED_OBJC_IMPLEMENTATIONS = YES;
				CLANG_WARN_DIRECT_OBJC_ISA_USAGE = YES_ERROR;
				CLANG_WARN_DOCUMENTATION_COMMENTS = YES;
				CLANG_WARN_EMPTY_BODY = YES;
				CLANG_WARN_ENUM_CONVERSION = YES;
				CLANG_WARN_INFINITE_RECURSION = YES;
				CLANG_WARN_INT_CONVERSION = YES;
				CLANG_WARN_NON_LITERAL_NULL_CONVERSION = YES;
				CLANG_WARN_OBJC_IMPLICIT_RETAIN_SELF = YES;
				CLANG_WARN_OBJC_LITERAL_CONVERSION = YES;
				CLANG_WARN_OBJC_ROOT_CLASS = YES_ERROR;
				CLANG_WARN_QUOTED_INCLUDE_IN_FRAMEWORK_HEADER = YES;
				CLANG_WARN_RANGE_LOOP_ANALYSIS = YES;
				CLANG_WARN_STRICT_PROTOTYPES = YES;
				CLANG_WARN_SUSPICIOUS_MOVE = YES;
				CLANG_WARN_UNGUARDED_AVAILABILITY = YES_AGGRESSIVE;
				CLANG_WARN_UNREACHABLE_CODE = YES;
				CLANG_WARN__DUPLICATE_METHOD_MATCH = YES;
				COPY_PHASE_STRIP = NO;
				DEBUG_INFORMATION_FORMAT = "dwarf-with-dsym";
				ENABLE_NS_ASSERTIONS = NO;
				ENABLE_STRICT_OBJC_MSGSEND = YES;
				GCC_C_LANGUAGE_STANDARD = gnu11;
				GCC_NO_COMMON_BLOCKS = YES;
				GCC_WARN_64_TO_32_BIT_CONVERSION = YES;
				GCC_WARN_ABOUT_RETURN_TYPE = YES_ERROR;
				GCC_WARN_UNDECLARED_SELECTOR = YES;
				GCC_WARN_UNINITIALIZED_AUTOS = YES_AGGRESSIVE;
				GCC_WARN_UNUSED_FUNCTION = YES;
				GCC_WARN_UNUSED_VARIABLE = YES;
				MTL_ENABLE_DEBUG_INFO = NO;
				MTL_FAST_MATH = YES;
				SWIFT_COMPILATION_MODE = wholemodule;
				SWIFT_OPTIMIZATION_LEVEL = "-O";
			};
			name = Release;
		};
		6C19474129C88F940067C180 /* Debug */ = {
			isa = XCBuildConfiguration;
			buildSettings = {
				ASSETCATALOG_COMPILER_APPICON_NAME = AppIcon;
				ASSETCATALOG_COMPILER_GLOBAL_ACCENT_COLOR_NAME = AccentColor;
				CODE_SIGN_ENTITLEMENTS = "Miau Little Helper/Miau_Little_Helper.entitlements";
				CODE_SIGN_STYLE = Automatic;
				CURRENT_PROJECT_VERSION = 1;
				DEVELOPMENT_ASSET_PATHS = "\"Miau Little Helper/Preview Content\"";
				DEVELOPMENT_TEAM = C5CA8XQ4HG;
				ENABLE_HARDENED_RUNTIME = YES;
				ENABLE_PREVIEWS = YES;
				GENERATE_INFOPLIST_FILE = YES;
				INFOPLIST_FILE = "Miau-Little-Helper/Info.plist";
				INFOPLIST_KEY_CFBundleDisplayName = "";
				INFOPLIST_KEY_LSApplicationCategoryType = "";
				INFOPLIST_KEY_NSMicrophoneUsageDescription = "Our game is speech based. Which means it's controlled by your voice, please allow the app to use your Microphone, so you can have full experience.";
				INFOPLIST_KEY_NSSpeechRecognitionUsageDescription = "Our game is speech based. Which means it's controlled by your voice, please allow the app to use your Microphone, so you can have full experience.";
				"INFOPLIST_KEY_UIApplicationSceneManifest_Generation[sdk=iphoneos*]" = YES;
				"INFOPLIST_KEY_UIApplicationSceneManifest_Generation[sdk=iphonesimulator*]" = YES;
				"INFOPLIST_KEY_UIApplicationSupportsIndirectInputEvents[sdk=iphoneos*]" = YES;
				"INFOPLIST_KEY_UIApplicationSupportsIndirectInputEvents[sdk=iphonesimulator*]" = YES;
				"INFOPLIST_KEY_UILaunchScreen_Generation[sdk=iphoneos*]" = YES;
				"INFOPLIST_KEY_UILaunchScreen_Generation[sdk=iphonesimulator*]" = YES;
				INFOPLIST_KEY_UIRequiresFullScreen = YES;
				"INFOPLIST_KEY_UIStatusBarStyle[sdk=iphoneos*]" = UIStatusBarStyleDefault;
				"INFOPLIST_KEY_UIStatusBarStyle[sdk=iphonesimulator*]" = UIStatusBarStyleDefault;
				INFOPLIST_KEY_UISupportedInterfaceOrientations_iPad = "UIInterfaceOrientationLandscapeLeft UIInterfaceOrientationLandscapeRight";
				IPHONEOS_DEPLOYMENT_TARGET = 16.2;
				LD_RUNPATH_SEARCH_PATHS = "@executable_path/Frameworks";
				"LD_RUNPATH_SEARCH_PATHS[sdk=macosx*]" = "@executable_path/../Frameworks";
				MACOSX_DEPLOYMENT_TARGET = 13.1;
				MARKETING_VERSION = 1.0;
				PRODUCT_BUNDLE_IDENTIFIER = "br.ufpe.cin.academy.Miau-Little-Helper";
				PRODUCT_NAME = "$(TARGET_NAME)";
				SDKROOT = auto;
				SUPPORTED_PLATFORMS = "iphoneos iphonesimulator";
				SUPPORTS_MACCATALYST = NO;
				SUPPORTS_MAC_DESIGNED_FOR_IPHONE_IPAD = NO;
				SWIFT_EMIT_LOC_STRINGS = YES;
				SWIFT_VERSION = 5.0;
				TARGETED_DEVICE_FAMILY = 2;
			};
			name = Debug;
		};
		6C19474229C88F940067C180 /* Release */ = {
			isa = XCBuildConfiguration;
			buildSettings = {
				ASSETCATALOG_COMPILER_APPICON_NAME = AppIcon;
				ASSETCATALOG_COMPILER_GLOBAL_ACCENT_COLOR_NAME = AccentColor;
				CODE_SIGN_ENTITLEMENTS = "Miau Little Helper/Miau_Little_Helper.entitlements";
				CODE_SIGN_STYLE = Automatic;
				CURRENT_PROJECT_VERSION = 1;
				DEVELOPMENT_ASSET_PATHS = "\"Miau Little Helper/Preview Content\"";
				DEVELOPMENT_TEAM = C5CA8XQ4HG;
				ENABLE_HARDENED_RUNTIME = YES;
				ENABLE_PREVIEWS = YES;
				GENERATE_INFOPLIST_FILE = YES;
				INFOPLIST_FILE = "Miau-Little-Helper/Info.plist";
				INFOPLIST_KEY_CFBundleDisplayName = "";
				INFOPLIST_KEY_LSApplicationCategoryType = "";
				INFOPLIST_KEY_NSMicrophoneUsageDescription = "Our game is speech based. Which means it's controlled by your voice, please allow the app to use your Microphone, so you can have full experience.";
				INFOPLIST_KEY_NSSpeechRecognitionUsageDescription = "Our game is speech based. Which means it's controlled by your voice, please allow the app to use your Microphone, so you can have full experience.";
				"INFOPLIST_KEY_UIApplicationSceneManifest_Generation[sdk=iphoneos*]" = YES;
				"INFOPLIST_KEY_UIApplicationSceneManifest_Generation[sdk=iphonesimulator*]" = YES;
				"INFOPLIST_KEY_UIApplicationSupportsIndirectInputEvents[sdk=iphoneos*]" = YES;
				"INFOPLIST_KEY_UIApplicationSupportsIndirectInputEvents[sdk=iphonesimulator*]" = YES;
				"INFOPLIST_KEY_UILaunchScreen_Generation[sdk=iphoneos*]" = YES;
				"INFOPLIST_KEY_UILaunchScreen_Generation[sdk=iphonesimulator*]" = YES;
				INFOPLIST_KEY_UIRequiresFullScreen = YES;
				"INFOPLIST_KEY_UIStatusBarStyle[sdk=iphoneos*]" = UIStatusBarStyleDefault;
				"INFOPLIST_KEY_UIStatusBarStyle[sdk=iphonesimulator*]" = UIStatusBarStyleDefault;
				INFOPLIST_KEY_UISupportedInterfaceOrientations_iPad = "UIInterfaceOrientationLandscapeLeft UIInterfaceOrientationLandscapeRight";
				IPHONEOS_DEPLOYMENT_TARGET = 16.2;
				LD_RUNPATH_SEARCH_PATHS = "@executable_path/Frameworks";
				"LD_RUNPATH_SEARCH_PATHS[sdk=macosx*]" = "@executable_path/../Frameworks";
				MACOSX_DEPLOYMENT_TARGET = 13.1;
				MARKETING_VERSION = 1.0;
				PRODUCT_BUNDLE_IDENTIFIER = "br.ufpe.cin.academy.Miau-Little-Helper";
				PRODUCT_NAME = "$(TARGET_NAME)";
				SDKROOT = auto;
				SUPPORTED_PLATFORMS = "iphoneos iphonesimulator";
				SUPPORTS_MACCATALYST = NO;
				SUPPORTS_MAC_DESIGNED_FOR_IPHONE_IPAD = NO;
				SWIFT_EMIT_LOC_STRINGS = YES;
				SWIFT_VERSION = 5.0;
				TARGETED_DEVICE_FAMILY = 2;
			};
			name = Release;
		};
/* End XCBuildConfiguration section */

/* Begin XCConfigurationList section */
		6C19472C29C88F930067C180 /* Build configuration list for PBXProject "Miau Little Helper" */ = {
			isa = XCConfigurationList;
			buildConfigurations = (
				6C19473E29C88F940067C180 /* Debug */,
				6C19473F29C88F940067C180 /* Release */,
			);
			defaultConfigurationIsVisible = 0;
			defaultConfigurationName = Release;
		};
		6C19474029C88F940067C180 /* Build configuration list for PBXNativeTarget "Miau Little Helper" */ = {
			isa = XCConfigurationList;
			buildConfigurations = (
				6C19474129C88F940067C180 /* Debug */,
				6C19474229C88F940067C180 /* Release */,
			);
			defaultConfigurationIsVisible = 0;
			defaultConfigurationName = Release;
		};
/* End XCConfigurationList section */
	};
	rootObject = 6C19472929C88F930067C180 /* Project object */;
}
